# This file is automatically @generated by Cargo.
# It is not intended for manual editing.
version = 4

[[package]]
name = "radishmemory-core"
version = "0.1.0"

[[package]]
name = "radishmemory-m0"
version = "0.1.0"
dependencies = [
 "radishmemory-core",
 "radishmemory-sqlite",
]

[[package]]
name = "radishmemory-sqlite"
version = "0.1.0"
dependencies = [
 "radishmemory-core",
]
